
Microsoft Visual Studio Solution File, Format Version 12.00
# Visual Studio Version 16
VisualStudioVersion = 16.0.30523.141
MinimumVisualStudioVersion = 10.0.40219.1
Project("{FAE04EC0-301F-11D3-BF4B-00C04F79EFBC}") = "AlibabaDesktopApp", "AlibabaDesktopApp\AlibabaDesktopApp.csproj", "{3D43A7E1-E871-4260-B543-C689D11454C3}"
EndProject
Global
	GlobalSection(SolutionConfigurationPlatforms) = preSolution
		Debug|Any CPU = Debug|Any CPU
		Release|Any CPU = Release|Any CPU
	EndGlobalSection
	GlobalSection(ProjectConfigurationPlatforms) = postSolution
		{3D43A7E1-E871-4260-B543-C689D11454C3}.Debug|Any CPU.ActiveCfg = Debug|Any CPU
		{3D43A7E1-E871-4260-B543-C689D11454C3}.Debug|Any CPU.Build.0 = Debug|Any CPU
		{3D43A7E1-E871-4260-B543-C689D11454C3}.Release|Any CPU.ActiveCfg = Release|Any CPU
		{3D43A7E1-E871-4260-B543-C689D11454C3}.Release|Any CPU.Build.0 = Release|Any CPU
	EndGlobalSection
	GlobalSection(SolutionProperties) = preSolution
		HideSolutionNode = FALSE
	EndGlobalSection
	GlobalSection(ExtensibilityGlobals) = postSolution
		SolutionGuid = {35B0BB69-8C44-4917-B0E0-D202D85B09EA}
	EndGlobalSection
EndGlobal
